
Microsoft Visual Studio Solution File, Format Version 12.00
# Visual Studio 15
VisualStudioVersion = 15.0.26430.16
MinimumVisualStudioVersion = 10.0.40219.1
Project("{FAE04EC0-301F-11D3-BF4B-00C04F79EFBC}") = "MetricImperialConversionApi", "MetricImperialConversion\MetricImperialConversionApi.csproj", "{2E997B52-9940-45B8-8644-D93B4FD577A0}"
EndProject
Project("{FAE04EC0-301F-11D3-BF4B-00C04F79EFBC}") = "MetricImperialConversion.Domain", "MetricImperialConversion.Domain\MetricImperialConversion.Domain.csproj", "{4987B8B3-3B4B-4D38-9F9E-1B20049F89CE}"
EndProject
Global
	GlobalSection(SolutionConfigurationPlatforms) = preSolution
		Debug|Any CPU = Debug|Any CPU
		Release|Any CPU = Release|Any CPU
	EndGlobalSection
	GlobalSection(ProjectConfigurationPlatforms) = postSolution
		{2E997B52-9940-45B8-8644-D93B4FD577A0}.Debug|Any CPU.ActiveCfg = Debug|Any CPU
		{2E997B52-9940-45B8-8644-D93B4FD577A0}.Debug|Any CPU.Build.0 = Debug|Any CPU
		{2E997B52-9940-45B8-8644-D93B4FD577A0}.Release|Any CPU.ActiveCfg = Release|Any CPU
		{2E997B52-9940-45B8-8644-D93B4FD577A0}.Release|Any CPU.Build.0 = Release|Any CPU
		{4987B8B3-3B4B-4D38-9F9E-1B20049F89CE}.Debug|Any CPU.ActiveCfg = Debug|Any CPU
		{4987B8B3-3B4B-4D38-9F9E-1B20049F89CE}.Debug|Any CPU.Build.0 = Debug|Any CPU
		{4987B8B3-3B4B-4D38-9F9E-1B20049F89CE}.Release|Any CPU.ActiveCfg = Release|Any CPU
		{4987B8B3-3B4B-4D38-9F9E-1B20049F89CE}.Release|Any CPU.Build.0 = Release|Any CPU
	EndGlobalSection
	GlobalSection(SolutionProperties) = preSolution
		HideSolutionNode = FALSE
	EndGlobalSection
EndGlobal
